// !$*UTF8*$!
{
	archiveVersion = 1;
	classes = {
	};
	objectVersion = 46;
	objects = {

/* Begin PBXBuildFile section */
		940692A11BA2C3C400D17B67 /* UIViewController+BarColor.m in Sources */ = {isa = PBXBuildFile; fileRef = 940692A01BA2C3C400D17B67 /* UIViewController+BarColor.m */; };
		940692A61BA2C46000D17B67 /* UIColor+HexString.m in Sources */ = {isa = PBXBuildFile; fileRef = 940692A51BA2C46000D17B67 /* UIColor+HexString.m */; };
		940692A91BA2C4F600D17B67 /* UINavigationBar+EMGradient.m in Sources */ = {isa = PBXBuildFile; fileRef = 940692A81BA2C4F600D17B67 /* UINavigationBar+EMGradient.m */; };
		940692AE1BA2C51300D17B67 /* README.md in Sources */ = {isa = PBXBuildFile; fileRef = 940692AB1BA2C51300D17B67 /* README.md */; };
		940692AF1BA2C51300D17B67 /* UIImage+JTKGradient.m in Sources */ = {isa = PBXBuildFile; fileRef = 940692AD1BA2C51300D17B67 /* UIImage+JTKGradient.m */; };
		940692B21BA2C63700D17B67 /* JSAction.m in Sources */ = {isa = PBXBuildFile; fileRef = 940692B11BA2C63700D17B67 /* JSAction.m */; };
		940692B51BA2CADD00D17B67 /* JSActionModuleLoader.m in Sources */ = {isa = PBXBuildFile; fileRef = 940692B41BA2CADD00D17B67 /* JSActionModuleLoader.m */; };
		940692B81BA2DF2B00D17B67 /* JSActionModule.m in Sources */ = {isa = PBXBuildFile; fileRef = 940692B71BA2DF2B00D17B67 /* JSActionModule.m */; };
		940692BB1BA2E82700D17B67 /* JSActionModuleBase.m in Sources */ = {isa = PBXBuildFile; fileRef = 940692BA1BA2E82700D17B67 /* JSActionModuleBase.m */; };
		94AC08B71B9FD2B8006BE1B9 /* SAWebApp.h in CopyFiles */ = {isa = PBXBuildFile; fileRef = 94AC08B61B9FD2B8006BE1B9 /* SAWebApp.h */; };
		94AC08B91B9FD2B8006BE1B9 /* SAWebApp.m in Sources */ = {isa = PBXBuildFile; fileRef = 94AC08B81B9FD2B8006BE1B9 /* SAWebApp.m */; };
		94AC08BF1B9FD2B8006BE1B9 /* libSAWebApp.a in Frameworks */ = {isa = PBXBuildFile; fileRef = 94AC08B41B9FD2B8006BE1B9 /* libSAWebApp.a */; };
		94AC08CF1B9FD2FB006BE1B9 /* SAWebViewController.m in Sources */ = {isa = PBXBuildFile; fileRef = 94AC08CE1B9FD2FB006BE1B9 /* SAWebViewController.m */; };
		94AC08D31B9FD65B006BE1B9 /* NSURL+Extensions.m in Sources */ = {isa = PBXBuildFile; fileRef = 94AC08D21B9FD65B006BE1B9 /* NSURL+Extensions.m */; };
		94AC08DF1BA01A9A006BE1B9 /* main.m in Sources */ = {isa = PBXBuildFile; fileRef = 94AC08DE1BA01A9A006BE1B9 /* main.m */; };
		94AC08E21BA01A9A006BE1B9 /* AppDelegate.m in Sources */ = {isa = PBXBuildFile; fileRef = 94AC08E11BA01A9A006BE1B9 /* AppDelegate.m */; };
		94AC08E51BA01A9A006BE1B9 /* ViewController.m in Sources */ = {isa = PBXBuildFile; fileRef = 94AC08E41BA01A9A006BE1B9 /* ViewController.m */; };
		94AC08E81BA01A9A006BE1B9 /* Main.storyboard in Resources */ = {isa = PBXBuildFile; fileRef = 94AC08E61BA01A9A006BE1B9 /* Main.storyboard */; };
		94AC08EA1BA01A9A006BE1B9 /* Images.xcassets in Resources */ = {isa = PBXBuildFile; fileRef = 94AC08E91BA01A9A006BE1B9 /* Images.xcassets */; };
		94AC08ED1BA01A9A006BE1B9 /* LaunchScreen.xib in Resources */ = {isa = PBXBuildFile; fileRef = 94AC08EB1BA01A9A006BE1B9 /* LaunchScreen.xib */; };
		94AC08F91BA01A9A006BE1B9 /* SAWebAppDemoTests.m in Sources */ = {isa = PBXBuildFile; fileRef = 94AC08F81BA01A9A006BE1B9 /* SAWebAppDemoTests.m */; };
		94AC09041BA01B69006BE1B9 /* SAWebViewController+Ext.m in Sources */ = {isa = PBXBuildFile; fileRef = 94AC09031BA01B69006BE1B9 /* SAWebViewController+Ext.m */; };
		94AC09051BA027EE006BE1B9 /* libSAWebApp.a in Frameworks */ = {isa = PBXBuildFile; fileRef = 94AC08B41B9FD2B8006BE1B9 /* libSAWebApp.a */; };
		94AC09081BA03708006BE1B9 /* UIWebView+Ext.m in Sources */ = {isa = PBXBuildFile; fileRef = 94AC09071BA03708006BE1B9 /* UIWebView+Ext.m */; };
		94AC090A1BA0375B006BE1B9 /* JavaScriptCore.framework in Frameworks */ = {isa = PBXBuildFile; fileRef = 94AC09091BA0375B006BE1B9 /* JavaScriptCore.framework */; };
		94B255DF1BA82E1900A6BB59 /* JSActionModuleStock.m in Sources */ = {isa = PBXBuildFile; fileRef = 94B255DE1BA82E1900A6BB59 /* JSActionModuleStock.m */; };
		94E7DE311B789D5600A6FCC0 /* main.m in Sources */ = {isa = PBXBuildFile; fileRef = 94E7DE301B789D5600A6FCC0 /* main.m */; };
		94E7DE341B789D5600A6FCC0 /* AppDelegate.m in Sources */ = {isa = PBXBuildFile; fileRef = 94E7DE331B789D5600A6FCC0 /* AppDelegate.m */; };
		94E7DE371B789D5600A6FCC0 /* MasterViewController.m in Sources */ = {isa = PBXBuildFile; fileRef = 94E7DE361B789D5600A6FCC0 /* MasterViewController.m */; };
		94E7DE3A1B789D5600A6FCC0 /* DetailViewController.m in Sources */ = {isa = PBXBuildFile; fileRef = 94E7DE391B789D5600A6FCC0 /* DetailViewController.m */; };
		94E7DE3D1B789D5600A6FCC0 /* Main.storyboard in Resources */ = {isa = PBXBuildFile; fileRef = 94E7DE3B1B789D5600A6FCC0 /* Main.storyboard */; };
		94E7DE3F1B789D5600A6FCC0 /* Images.xcassets in Resources */ = {isa = PBXBuildFile; fileRef = 94E7DE3E1B789D5600A6FCC0 /* Images.xcassets */; };
		94E7DE421B789D5600A6FCC0 /* LaunchScreen.xib in Resources */ = {isa = PBXBuildFile; fileRef = 94E7DE401B789D5600A6FCC0 /* LaunchScreen.xib */; };
		94E7DE4E1B789D5600A6FCC0 /* AppSettingsTests.m in Sources */ = {isa = PBXBuildFile; fileRef = 94E7DE4D1B789D5600A6FCC0 /* AppSettingsTests.m */; };
		94E7DE611B789D7300A6FCC0 /* PlugableAppKit.h in Headers */ = {isa = PBXBuildFile; fileRef = 94E7DE601B789D7300A6FCC0 /* PlugableAppKit.h */; settings = {ATTRIBUTES = (Public, ); }; };
		94E7DE671B789D7300A6FCC0 /* PlugableApp.framework in Frameworks */ = {isa = PBXBuildFile; fileRef = 94E7DE5C1B789D7300A6FCC0 /* PlugableApp.framework */; };
		94E7DE701B789D7300A6FCC0 /* PlugableAppTests.m in Sources */ = {isa = PBXBuildFile; fileRef = 94E7DE6F1B789D7300A6FCC0 /* PlugableAppTests.m */; };
		94E7DE731B789D7300A6FCC0 /* PlugableApp.framework in Frameworks */ = {isa = PBXBuildFile; fileRef = 94E7DE5C1B789D7300A6FCC0 /* PlugableApp.framework */; };
		94E7DE741B789D7300A6FCC0 /* PlugableApp.framework in Embed Frameworks */ = {isa = PBXBuildFile; fileRef = 94E7DE5C1B789D7300A6FCC0 /* PlugableApp.framework */; settings = {ATTRIBUTES = (CodeSignOnCopy, RemoveHeadersOnCopy, ); }; };
		94E7DE801B789E6300A6FCC0 /* RWAppConfig.h in Headers */ = {isa = PBXBuildFile; fileRef = 94E7DE7E1B789E6300A6FCC0 /* RWAppConfig.h */; };
		94E7DE811B789E6300A6FCC0 /* RWAppConfig.m in Sources */ = {isa = PBXBuildFile; fileRef = 94E7DE7F1B789E6300A6FCC0 /* RWAppConfig.m */; };
		94E7DE841B789F6F00A6FCC0 /* RWPlugableApp.h in Headers */ = {isa = PBXBuildFile; fileRef = 94E7DE821B789F6F00A6FCC0 /* RWPlugableApp.h */; };
		94E7DE851B789F6F00A6FCC0 /* RWPlugableApp.m in Sources */ = {isa = PBXBuildFile; fileRef = 94E7DE831B789F6F00A6FCC0 /* RWPlugableApp.m */; };
		94E7DE881B78A01600A6FCC0 /* Router.h in Headers */ = {isa = PBXBuildFile; fileRef = 94E7DE861B78A01600A6FCC0 /* Router.h */; };
		94E7DE891B78A01600A6FCC0 /* Router.m in Sources */ = {isa = PBXBuildFile; fileRef = 94E7DE871B78A01600A6FCC0 /* Router.m */; };
		94E7DE8C1B78A07000A6FCC0 /* RegexURLResolver.h in Headers */ = {isa = PBXBuildFile; fileRef = 94E7DE8A1B78A07000A6FCC0 /* RegexURLResolver.h */; };
		94E7DE8D1B78A07000A6FCC0 /* RegexURLResolver.m in Sources */ = {isa = PBXBuildFile; fileRef = 94E7DE8B1B78A07000A6FCC0 /* RegexURLResolver.m */; };
		94E7DE901B78A52600A6FCC0 /* urls.h in Headers */ = {isa = PBXBuildFile; fileRef = 94E7DE8E1B78A52600A6FCC0 /* urls.h */; };
		94E7DE911B78A52600A6FCC0 /* urls.m in Sources */ = {isa = PBXBuildFile; fileRef = 94E7DE8F1B78A52600A6FCC0 /* urls.m */; };
		94E7DE941B78A5A600A6FCC0 /* AppSettings.h in Headers */ = {isa = PBXBuildFile; fileRef = 94E7DE921B78A5A600A6FCC0 /* AppSettings.h */; };
		94E7DE951B78A5A600A6FCC0 /* AppSettings.m in Sources */ = {isa = PBXBuildFile; fileRef = 94E7DE931B78A5A600A6FCC0 /* AppSettings.m */; };
		94E7DE9B1B78A63800A6FCC0 /* AppURL.h in Headers */ = {isa = PBXBuildFile; fileRef = 94E7DE991B78A63800A6FCC0 /* AppURL.h */; };
		94E7DE9C1B78A63800A6FCC0 /* AppURL.m in Sources */ = {isa = PBXBuildFile; fileRef = 94E7DE9A1B78A63800A6FCC0 /* AppURL.m */; };
		94E7DEAF1B7C431F00A6FCC0 /* RWAppLoader.h in Headers */ = {isa = PBXBuildFile; fileRef = 94E7DEAD1B7C431F00A6FCC0 /* RWAppLoader.h */; };
		94E7DEB01B7C431F00A6FCC0 /* RWAppLoader.m in Sources */ = {isa = PBXBuildFile; fileRef = 94E7DEAE1B7C431F00A6FCC0 /* RWAppLoader.m */; };
		94E7DEB71B7C447F00A6FCC0 /* MyAppSettings.m in Sources */ = {isa = PBXBuildFile; fileRef = 94E7DEB41B7C447F00A6FCC0 /* MyAppSettings.m */; };
		94E7DEB81B7C447F00A6FCC0 /* MyAppURL.m in Sources */ = {isa = PBXBuildFile; fileRef = 94E7DEB61B7C447F00A6FCC0 /* MyAppURL.m */; };
/* End PBXBuildFile section */

/* Begin PBXContainerItemProxy section */
		94AC08C01B9FD2B8006BE1B9 /* PBXContainerItemProxy */ = {
			isa = PBXContainerItemProxy;
			containerPortal = 94E7DE231B789D5600A6FCC0 /* Project object */;
			proxyType = 1;
			remoteGlobalIDString = 94AC08B31B9FD2B8006BE1B9;
			remoteInfo = SAWebApp;
		};
		94AC08F31BA01A9A006BE1B9 /* PBXContainerItemProxy */ = {
			isa = PBXContainerItemProxy;
			containerPortal = 94E7DE231B789D5600A6FCC0 /* Project object */;
			proxyType = 1;
			remoteGlobalIDString = 94AC08D91BA01A9A006BE1B9;
			remoteInfo = SAWebAppDemo;
		};
		94AC09001BA01AAB006BE1B9 /* PBXContainerItemProxy */ = {
			isa = PBXContainerItemProxy;
			containerPortal = 94E7DE231B789D5600A6FCC0 /* Project object */;
			proxyType = 1;
			remoteGlobalIDString = 94AC08B31B9FD2B8006BE1B9;
			remoteInfo = SAWebApp;
		};
		94E7DE481B789D5600A6FCC0 /* PBXContainerItemProxy */ = {
			isa = PBXContainerItemProxy;
			containerPortal = 94E7DE231B789D5600A6FCC0 /* Project object */;
			proxyType = 1;
			remoteGlobalIDString = 94E7DE2A1B789D5600A6FCC0;
			remoteInfo = AppSettings;
		};
		94E7DE681B789D7300A6FCC0 /* PBXContainerItemProxy */ = {
			isa = PBXContainerItemProxy;
			containerPortal = 94E7DE231B789D5600A6FCC0 /* Project object */;
			proxyType = 1;
			remoteGlobalIDString = 94E7DE5B1B789D7300A6FCC0;
			remoteInfo = PlugableApp;
		};
		94E7DE6A1B789D7300A6FCC0 /* PBXContainerItemProxy */ = {
			isa = PBXContainerItemProxy;
			containerPortal = 94E7DE231B789D5600A6FCC0 /* Project object */;
			proxyType = 1;
			remoteGlobalIDString = 94E7DE2A1B789D5600A6FCC0;
			remoteInfo = AppSettings;
		};
		94E7DE711B789D7300A6FCC0 /* PBXContainerItemProxy */ = {
			isa = PBXContainerItemProxy;
			containerPortal = 94E7DE231B789D5600A6FCC0 /* Project object */;
			proxyType = 1;
			remoteGlobalIDString = 94E7DE5B1B789D7300A6FCC0;
			remoteInfo = PlugableApp;
		};
/* End PBXContainerItemProxy section */

/* Begin PBXCopyFilesBuildPhase section */
		94AC08B21B9FD2B8006BE1B9 /* CopyFiles */ = {
			isa = PBXCopyFilesBuildPhase;
			buildActionMask = 2147483647;
			dstPath = "include/$(PRODUCT_NAME)";
			dstSubfolderSpec = 16;
			files = (
				94AC08B71B9FD2B8006BE1B9 /* SAWebApp.h in CopyFiles */,
			);
			runOnlyForDeploymentPostprocessing = 0;
		};
		94E7DE781B789D7300A6FCC0 /* Embed Frameworks */ = {
			isa = PBXCopyFilesBuildPhase;
			buildActionMask = 2147483647;
			dstPath = "";
			dstSubfolderSpec = 10;
			files = (
				94E7DE741B789D7300A6FCC0 /* PlugableApp.framework in Embed Frameworks */,
			);
			name = "Embed Frameworks";
			runOnlyForDeploymentPostprocessing = 0;
		};
/* End PBXCopyFilesBuildPhase section */

/* Begin PBXFileReference section */
		9406929F1BA2C3C400D17B67 /* UIViewController+BarColor.h */ = {isa = PBXFileReference; fileEncoding = 4; lastKnownFileType = sourcecode.c.h; path = "UIViewController+BarColor.h"; sourceTree = "<group>"; };
		940692A01BA2C3C400D17B67 /* UIViewController+BarColor.m */ = {isa = PBXFileReference; fileEncoding = 4; lastKnownFileType = sourcecode.c.objc; path = "UIViewController+BarColor.m"; sourceTree = "<group>"; };
		940692A41BA2C46000D17B67 /* UIColor+HexString.h */ = {isa = PBXFileReference; fileEncoding = 4; lastKnownFileType = sourcecode.c.h; path = "UIColor+HexString.h"; sourceTree = "<group>"; };
		940692A51BA2C46000D17B67 /* UIColor+HexString.m */ = {isa = PBXFileReference; fileEncoding = 4; lastKnownFileType = sourcecode.c.objc; path = "UIColor+HexString.m"; sourceTree = "<group>"; };
		940692A71BA2C4F600D17B67 /* UINavigationBar+EMGradient.h */ = {isa = PBXFileReference; fileEncoding = 4; lastKnownFileType = sourcecode.c.h; path = "UINavigationBar+EMGradient.h"; sourceTree = "<group>"; };
		940692A81BA2C4F600D17B67 /* UINavigationBar+EMGradient.m */ = {isa = PBXFileReference; fileEncoding = 4; lastKnownFileType = sourcecode.c.objc; path = "UINavigationBar+EMGradient.m"; sourceTree = "<group>"; };
		940692AB1BA2C51300D17B67 /* README.md */ = {isa = PBXFileReference; fileEncoding = 4; lastKnownFileType = net.daringfireball.markdown; path = README.md; sourceTree = "<group>"; };
		940692AC1BA2C51300D17B67 /* UIImage+JTKGradient.h */ = {isa = PBXFileReference; fileEncoding = 4; lastKnownFileType = sourcecode.c.h; path = "UIImage+JTKGradient.h"; sourceTree = "<group>"; };
		940692AD1BA2C51300D17B67 /* UIImage+JTKGradient.m */ = {isa = PBXFileReference; fileEncoding = 4; lastKnownFileType = sourcecode.c.objc; path = "UIImage+JTKGradient.m"; sourceTree = "<group>"; };
		940692B01BA2C63700D17B67 /* JSAction.h */ = {isa = PBXFileReference; fileEncoding = 4; lastKnownFileType = sourcecode.c.h; path = JSAction.h; sourceTree = "<group>"; };
		940692B11BA2C63700D17B67 /* JSAction.m */ = {isa = PBXFileReference; fileEncoding = 4; lastKnownFileType = sourcecode.c.objc; path = JSAction.m; sourceTree = "<group>"; };
		940692B31BA2CADD00D17B67 /* JSActionModuleLoader.h */ = {isa = PBXFileReference; fileEncoding = 4; lastKnownFileType = sourcecode.c.h; path = JSActionModuleLoader.h; sourceTree = "<group>"; };
		940692B41BA2CADD00D17B67 /* JSActionModuleLoader.m */ = {isa = PBXFileReference; fileEncoding = 4; lastKnownFileType = sourcecode.c.objc; path = JSActionModuleLoader.m; sourceTree = "<group>"; };
		940692B61BA2DF2B00D17B67 /* JSActionModule.h */ = {isa = PBXFileReference; fileEncoding = 4; lastKnownFileType = sourcecode.c.h; path = JSActionModule.h; sourceTree = "<group>"; };
		940692B71BA2DF2B00D17B67 /* JSActionModule.m */ = {isa = PBXFileReference; fileEncoding = 4; lastKnownFileType = sourcecode.c.objc; path = JSActionModule.m; sourceTree = "<group>"; };
		940692B91BA2E82700D17B67 /* JSActionModuleBase.h */ = {isa = PBXFileReference; fileEncoding = 4; lastKnownFileType = sourcecode.c.h; path = JSActionModuleBase.h; sourceTree = "<group>"; };
		940692BA1BA2E82700D17B67 /* JSActionModuleBase.m */ = {isa = PBXFileReference; fileEncoding = 4; lastKnownFileType = sourcecode.c.objc; path = JSActionModuleBase.m; sourceTree = "<group>"; };
		94AC08B41B9FD2B8006BE1B9 /* libSAWebApp.a */ = {isa = PBXFileReference; explicitFileType = archive.ar; includeInIndex = 0; path = libSAWebApp.a; sourceTree = BUILT_PRODUCTS_DIR; };
		94AC08B61B9FD2B8006BE1B9 /* SAWebApp.h */ = {isa = PBXFileReference; lastKnownFileType = sourcecode.c.h; path = SAWebApp.h; sourceTree = "<group>"; };
		94AC08B81B9FD2B8006BE1B9 /* SAWebApp.m */ = {isa = PBXFileReference; lastKnownFileType = sourcecode.c.objc; path = SAWebApp.m; sourceTree = "<group>"; };
		94AC08BE1B9FD2B8006BE1B9 /* SAWebAppTests.xctest */ = {isa = PBXFileReference; explicitFileType = wrapper.cfbundle; includeInIndex = 0; path = SAWebAppTests.xctest; sourceTree = BUILT_PRODUCTS_DIR; };
		94AC08C41B9FD2B8006BE1B9 /* Info.plist */ = {isa = PBXFileReference; lastKnownFileType = text.plist.xml; path = Info.plist; sourceTree = "<group>"; };
		94AC08CD1B9FD2FB006BE1B9 /* SAWebViewController.h */ = {isa = PBXFileReference; fileEncoding = 4; lastKnownFileType = sourcecode.c.h; path = SAWebViewController.h; sourceTree = "<group>"; };
		94AC08CE1B9FD2FB006BE1B9 /* SAWebViewController.m */ = {isa = PBXFileReference; fileEncoding = 4; lastKnownFileType = sourcecode.c.objc; path = SAWebViewController.m; sourceTree = "<group>"; };
		94AC08D11B9FD65B006BE1B9 /* NSURL+Extensions.h */ = {isa = PBXFileReference; fileEncoding = 4; lastKnownFileType = sourcecode.c.h; path = "NSURL+Extensions.h"; sourceTree = "<group>"; };
		94AC08D21B9FD65B006BE1B9 /* NSURL+Extensions.m */ = {isa = PBXFileReference; fileEncoding = 4; lastKnownFileType = sourcecode.c.objc; path = "NSURL+Extensions.m"; sourceTree = "<group>"; };
		94AC08D41B9FFBB3006BE1B9 /* EMBridge.js */ = {isa = PBXFileReference; fileEncoding = 4; lastKnownFileType = sourcecode.javascript; path = EMBridge.js; sourceTree = "<group>"; };
		94AC08D51B9FFFA1006BE1B9 /* EM.js */ = {isa = PBXFileReference; fileEncoding = 4; lastKnownFileType = sourcecode.javascript; path = EM.js; sourceTree = "<group>"; };
		94AC08DA1BA01A9A006BE1B9 /* SAWebAppDemo.app */ = {isa = PBXFileReference; explicitFileType = wrapper.application; includeInIndex = 0; path = SAWebAppDemo.app; sourceTree = BUILT_PRODUCTS_DIR; };
		94AC08DD1BA01A9A006BE1B9 /* Info.plist */ = {isa = PBXFileReference; lastKnownFileType = text.plist.xml; path = Info.plist; sourceTree = "<group>"; };
		94AC08DE1BA01A9A006BE1B9 /* main.m */ = {isa = PBXFileReference; lastKnownFileType = sourcecode.c.objc; path = main.m; sourceTree = "<group>"; };
		94AC08E01BA01A9A006BE1B9 /* AppDelegate.h */ = {isa = PBXFileReference; lastKnownFileType = sourcecode.c.h; path = AppDelegate.h; sourceTree = "<group>"; };
		94AC08E11BA01A9A006BE1B9 /* AppDelegate.m */ = {isa = PBXFileReference; lastKnownFileType = sourcecode.c.objc; path = AppDelegate.m; sourceTree = "<group>"; };
		94AC08E31BA01A9A006BE1B9 /* ViewController.h */ = {isa = PBXFileReference; lastKnownFileType = sourcecode.c.h; path = ViewController.h; sourceTree = "<group>"; };
		94AC08E41BA01A9A006BE1B9 /* ViewController.m */ = {isa = PBXFileReference; lastKnownFileType = sourcecode.c.objc; path = ViewController.m; sourceTree = "<group>"; };
		94AC08E71BA01A9A006BE1B9 /* Base */ = {isa = PBXFileReference; lastKnownFileType = file.storyboard; name = Base; path = Base.lproj/Main.storyboard; sourceTree = "<group>"; };
		94AC08E91BA01A9A006BE1B9 /* Images.xcassets */ = {isa = PBXFileReference; lastKnownFileType = folder.assetcatalog; path = Images.xcassets; sourceTree = "<group>"; };
		94AC08EC1BA01A9A006BE1B9 /* Base */ = {isa = PBXFileReference; lastKnownFileType = file.xib; name = Base; path = Base.lproj/LaunchScreen.xib; sourceTree = "<group>"; };
		94AC08F21BA01A9A006BE1B9 /* SAWebAppDemoTests.xctest */ = {isa = PBXFileReference; explicitFileType = wrapper.cfbundle; includeInIndex = 0; path = SAWebAppDemoTests.xctest; sourceTree = BUILT_PRODUCTS_DIR; };
		94AC08F71BA01A9A006BE1B9 /* Info.plist */ = {isa = PBXFileReference; lastKnownFileType = text.plist.xml; path = Info.plist; sourceTree = "<group>"; };
		94AC08F81BA01A9A006BE1B9 /* SAWebAppDemoTests.m */ = {isa = PBXFileReference; lastKnownFileType = sourcecode.c.objc; path = SAWebAppDemoTests.m; sourceTree = "<group>"; };
		94AC09021BA01B69006BE1B9 /* SAWebViewController+Ext.h */ = {isa = PBXFileReference; fileEncoding = 4; lastKnownFileType = sourcecode.c.h; path = "SAWebViewController+Ext.h"; sourceTree = "<group>"; };
		94AC09031BA01B69006BE1B9 /* SAWebViewController+Ext.m */ = {isa = PBXFileReference; fileEncoding = 4; lastKnownFileType = sourcecode.c.objc; path = "SAWebViewController+Ext.m"; sourceTree = "<group>"; };
		94AC09061BA03708006BE1B9 /* UIWebView+Ext.h */ = {isa = PBXFileReference; fileEncoding = 4; lastKnownFileType = sourcecode.c.h; path = "UIWebView+Ext.h"; sourceTree = "<group>"; };
		94AC09071BA03708006BE1B9 /* UIWebView+Ext.m */ = {isa = PBXFileReference; fileEncoding = 4; lastKnownFileType = sourcecode.c.objc; path = "UIWebView+Ext.m"; sourceTree = "<group>"; };
		94AC09091BA0375B006BE1B9 /* JavaScriptCore.framework */ = {isa = PBXFileReference; lastKnownFileType = wrapper.framework; name = JavaScriptCore.framework; path = System/Library/Frameworks/JavaScriptCore.framework; sourceTree = SDKROOT; };
		94B255DD1BA82E1900A6BB59 /* JSActionModuleStock.h */ = {isa = PBXFileReference; fileEncoding = 4; lastKnownFileType = sourcecode.c.h; path = JSActionModuleStock.h; sourceTree = "<group>"; };
		94B255DE1BA82E1900A6BB59 /* JSActionModuleStock.m */ = {isa = PBXFileReference; fileEncoding = 4; lastKnownFileType = sourcecode.c.objc; path = JSActionModuleStock.m; sourceTree = "<group>"; };
		94E7DE2B1B789D5600A6FCC0 /* AppSettings.app */ = {isa = PBXFileReference; explicitFileType = wrapper.application; includeInIndex = 0; path = AppSettings.app; sourceTree = BUILT_PRODUCTS_DIR; };
		94E7DE2F1B789D5600A6FCC0 /* Info.plist */ = {isa = PBXFileReference; lastKnownFileType = text.plist.xml; path = Info.plist; sourceTree = "<group>"; };
		94E7DE301B789D5600A6FCC0 /* main.m */ = {isa = PBXFileReference; lastKnownFileType = sourcecode.c.objc; path = main.m; sourceTree = "<group>"; };
		94E7DE321B789D5600A6FCC0 /* AppDelegate.h */ = {isa = PBXFileReference; lastKnownFileType = sourcecode.c.h; path = AppDelegate.h; sourceTree = "<group>"; };
		94E7DE331B789D5600A6FCC0 /* AppDelegate.m */ = {isa = PBXFileReference; lastKnownFileType = sourcecode.c.objc; path = AppDelegate.m; sourceTree = "<group>"; };
		94E7DE351B789D5600A6FCC0 /* MasterViewController.h */ = {isa = PBXFileReference; lastKnownFileType = sourcecode.c.h; path = MasterViewController.h; sourceTree = "<group>"; };
		94E7DE361B789D5600A6FCC0 /* MasterViewController.m */ = {isa = PBXFileReference; lastKnownFileType = sourcecode.c.objc; path = MasterViewController.m; sourceTree = "<group>"; };
		94E7DE381B789D5600A6FCC0 /* DetailViewController.h */ = {isa = PBXFileReference; lastKnownFileType = sourcecode.c.h; path = DetailViewController.h; sourceTree = "<group>"; };
		94E7DE391B789D5600A6FCC0 /* DetailViewController.m */ = {isa = PBXFileReference; lastKnownFileType = sourcecode.c.objc; path = DetailViewController.m; sourceTree = "<group>"; };
		94E7DE3C1B789D5600A6FCC0 /* Base */ = {isa = PBXFileReference; lastKnownFileType = file.storyboard; name = Base; path = Base.lproj/Main.storyboard; sourceTree = "<group>"; };
		94E7DE3E1B789D5600A6FCC0 /* Images.xcassets */ = {isa = PBXFileReference; lastKnownFileType = folder.assetcatalog; path = Images.xcassets; sourceTree = "<group>"; };
		94E7DE411B789D5600A6FCC0 /* Base */ = {isa = PBXFileReference; lastKnownFileType = file.xib; name = Base; path = Base.lproj/LaunchScreen.xib; sourceTree = "<group>"; };
		94E7DE471B789D5600A6FCC0 /* AppSettingsTests.xctest */ = {isa = PBXFileReference; explicitFileType = wrapper.cfbundle; includeInIndex = 0; path = AppSettingsTests.xctest; sourceTree = BUILT_PRODUCTS_DIR; };
		94E7DE4C1B789D5600A6FCC0 /* Info.plist */ = {isa = PBXFileReference; lastKnownFileType = text.plist.xml; path = Info.plist; sourceTree = "<group>"; };
		94E7DE4D1B789D5600A6FCC0 /* AppSettingsTests.m */ = {isa = PBXFileReference; lastKnownFileType = sourcecode.c.objc; path = AppSettingsTests.m; sourceTree = "<group>"; };
		94E7DE5C1B789D7300A6FCC0 /* PlugableApp.framework */ = {isa = PBXFileReference; explicitFileType = wrapper.framework; includeInIndex = 0; path = PlugableApp.framework; sourceTree = BUILT_PRODUCTS_DIR; };
		94E7DE5F1B789D7300A6FCC0 /* Info.plist */ = {isa = PBXFileReference; lastKnownFileType = text.plist.xml; path = Info.plist; sourceTree = "<group>"; };
		94E7DE601B789D7300A6FCC0 /* PlugableAppKit.h */ = {isa = PBXFileReference; lastKnownFileType = sourcecode.c.h; path = PlugableAppKit.h; sourceTree = "<group>"; };
		94E7DE661B789D7300A6FCC0 /* PlugableAppTests.xctest */ = {isa = PBXFileReference; explicitFileType = wrapper.cfbundle; includeInIndex = 0; path = PlugableAppTests.xctest; sourceTree = BUILT_PRODUCTS_DIR; };
		94E7DE6E1B789D7300A6FCC0 /* Info.plist */ = {isa = PBXFileReference; lastKnownFileType = text.plist.xml; path = Info.plist; sourceTree = "<group>"; };
		94E7DE6F1B789D7300A6FCC0 /* PlugableAppTests.m */ = {isa = PBXFileReference; lastKnownFileType = sourcecode.c.objc; path = PlugableAppTests.m; sourceTree = "<group>"; };
		94E7DE7E1B789E6300A6FCC0 /* RWAppConfig.h */ = {isa = PBXFileReference; fileEncoding = 4; lastKnownFileType = sourcecode.c.h; path = RWAppConfig.h; sourceTree = "<group>"; };
		94E7DE7F1B789E6300A6FCC0 /* RWAppConfig.m */ = {isa = PBXFileReference; fileEncoding = 4; lastKnownFileType = sourcecode.c.objc; path = RWAppConfig.m; sourceTree = "<group>"; };
		94E7DE821B789F6F00A6FCC0 /* RWPlugableApp.h */ = {isa = PBXFileReference; fileEncoding = 4; lastKnownFileType = sourcecode.c.h; path = RWPlugableApp.h; sourceTree = "<group>"; };
		94E7DE831B789F6F00A6FCC0 /* RWPlugableApp.m */ = {isa = PBXFileReference; fileEncoding = 4; lastKnownFileType = sourcecode.c.objc; path = RWPlugableApp.m; sourceTree = "<group>"; };
		94E7DE861B78A01600A6FCC0 /* Router.h */ = {isa = PBXFileReference; fileEncoding = 4; lastKnownFileType = sourcecode.c.h; path = Router.h; sourceTree = "<group>"; };
		94E7DE871B78A01600A6FCC0 /* Router.m */ = {isa = PBXFileReference; fileEncoding = 4; lastKnownFileType = sourcecode.c.objc; path = Router.m; sourceTree = "<group>"; };
		94E7DE8A1B78A07000A6FCC0 /* RegexURLResolver.h */ = {isa = PBXFileReference; fileEncoding = 4; lastKnownFileType = sourcecode.c.h; path = RegexURLResolver.h; sourceTree = "<group>"; };
		94E7DE8B1B78A07000A6FCC0 /* RegexURLResolver.m */ = {isa = PBXFileReference; fileEncoding = 4; lastKnownFileType = sourcecode.c.objc; path = RegexURLResolver.m; sourceTree = "<group>"; };
		94E7DE8E1B78A52600A6FCC0 /* urls.h */ = {isa = PBXFileReference; fileEncoding = 4; lastKnownFileType = sourcecode.c.h; path = urls.h; sourceTree = "<group>"; };
		94E7DE8F1B78A52600A6FCC0 /* urls.m */ = {isa = PBXFileReference; fileEncoding = 4; lastKnownFileType = sourcecode.c.objc; path = urls.m; sourceTree = "<group>"; };
		94E7DE921B78A5A600A6FCC0 /* AppSettings.h */ = {isa = PBXFileReference; fileEncoding = 4; lastKnownFileType = sourcecode.c.h; path = AppSettings.h; sourceTree = "<group>"; };
		94E7DE931B78A5A600A6FCC0 /* AppSettings.m */ = {isa = PBXFileReference; fileEncoding = 4; lastKnownFileType = sourcecode.c.objc; path = AppSettings.m; sourceTree = "<group>"; };
		94E7DE991B78A63800A6FCC0 /* AppURL.h */ = {isa = PBXFileReference; fileEncoding = 4; lastKnownFileType = sourcecode.c.h; path = AppURL.h; sourceTree = "<group>"; };
		94E7DE9A1B78A63800A6FCC0 /* AppURL.m */ = {isa = PBXFileReference; fileEncoding = 4; lastKnownFileType = sourcecode.c.objc; path = AppURL.m; sourceTree = "<group>"; };
		94E7DEAD1B7C431F00A6FCC0 /* RWAppLoader.h */ = {isa = PBXFileReference; fileEncoding = 4; lastKnownFileType = sourcecode.c.h; path = RWAppLoader.h; sourceTree = "<group>"; };
		94E7DEAE1B7C431F00A6FCC0 /* RWAppLoader.m */ = {isa = PBXFileReference; fileEncoding = 4; lastKnownFileType = sourcecode.c.objc; path = RWAppLoader.m; sourceTree = "<group>"; };
		94E7DEB31B7C447F00A6FCC0 /* MyAppSettings.h */ = {isa = PBXFileReference; fileEncoding = 4; lastKnownFileType = sourcecode.c.h; path = MyAppSettings.h; sourceTree = "<group>"; };
		94E7DEB41B7C447F00A6FCC0 /* MyAppSettings.m */ = {isa = PBXFileReference; fileEncoding = 4; lastKnownFileType = sourcecode.c.objc; path = MyAppSettings.m; sourceTree = "<group>"; };
		94E7DEB51B7C447F00A6FCC0 /* MyAppURL.h */ = {isa = PBXFileReference; fileEncoding = 4; lastKnownFileType = sourcecode.c.h; path = MyAppURL.h; sourceTree = "<group>"; };
		94E7DEB61B7C447F00A6FCC0 /* MyAppURL.m */ = {isa = PBXFileReference; fileEncoding = 4; lastKnownFileType = sourcecode.c.objc; path = MyAppURL.m; sourceTree = "<group>"; };
/* End PBXFileReference section */

/* Begin PBXFrameworksBuildPhase section */
		94AC08B11B9FD2B8006BE1B9 /* Frameworks */ = {
			isa = PBXFrameworksBuildPhase;
			buildActionMask = 2147483647;
			files = (
				94AC090A1BA0375B006BE1B9 /* JavaScriptCore.framework in Frameworks */,
			);
			runOnlyForDeploymentPostprocessing = 0;
		};
		94AC08BB1B9FD2B8006BE1B9 /* Frameworks */ = {
			isa = PBXFrameworksBuildPhase;
			buildActionMask = 2147483647;
			files = (
				94AC08BF1B9FD2B8006BE1B9 /* libSAWebApp.a in Frameworks */,
			);
			runOnlyForDeploymentPostprocessing = 0;
		};
		94AC08D71BA01A9A006BE1B9 /* Frameworks */ = {
			isa = PBXFrameworksBuildPhase;
			buildActionMask = 2147483647;
			files = (
				94AC09051BA027EE006BE1B9 /* libSAWebApp.a in Frameworks */,
			);
			runOnlyForDeploymentPostprocessing = 0;
		};
		94AC08EF1BA01A9A006BE1B9 /* Frameworks */ = {
			isa = PBXFrameworksBuildPhase;
			buildActionMask = 2147483647;
			files = (
			);
			runOnlyForDeploymentPostprocessing = 0;
		};
		94E7DE281B789D5600A6FCC0 /* Frameworks */ = {
			isa = PBXFrameworksBuildPhase;
			buildActionMask = 2147483647;
			files = (
				94E7DE731B789D7300A6FCC0 /* PlugableApp.framework in Frameworks */,
			);
			runOnlyForDeploymentPostprocessing = 0;
		};
		94E7DE441B789D5600A6FCC0 /* Frameworks */ = {
			isa = PBXFrameworksBuildPhase;
			buildActionMask = 2147483647;
			files = (
			);
			runOnlyForDeploymentPostprocessing = 0;
		};
		94E7DE581B789D7300A6FCC0 /* Frameworks */ = {
			isa = PBXFrameworksBuildPhase;
			buildActionMask = 2147483647;
			files = (
			);
			runOnlyForDeploymentPostprocessing = 0;
		};
		94E7DE631B789D7300A6FCC0 /* Frameworks */ = {
			isa = PBXFrameworksBuildPhase;
			buildActionMask = 2147483647;
			files = (
				94E7DE671B789D7300A6FCC0 /* PlugableApp.framework in Frameworks */,
			);
			runOnlyForDeploymentPostprocessing = 0;
		};
/* End PBXFrameworksBuildPhase section */

/* Begin PBXGroup section */
		940692A21BA2C46000D17B67 /* Vendor */ = {
			isa = PBXGroup;
			children = (
				940692AA1BA2C51300D17B67 /* UIImageGradient-master */,
				940692A31BA2C46000D17B67 /* UIColor+HexString */,
			);
			path = Vendor;
			sourceTree = "<group>";
		};
		940692A31BA2C46000D17B67 /* UIColor+HexString */ = {
			isa = PBXGroup;
			children = (
				940692A41BA2C46000D17B67 /* UIColor+HexString.h */,
				940692A51BA2C46000D17B67 /* UIColor+HexString.m */,
			);
			path = "UIColor+HexString";
			sourceTree = "<group>";
		};
		940692AA1BA2C51300D17B67 /* UIImageGradient-master */ = {
			isa = PBXGroup;
			children = (
				940692AB1BA2C51300D17B67 /* README.md */,
				940692AC1BA2C51300D17B67 /* UIImage+JTKGradient.h */,
				940692AD1BA2C51300D17B67 /* UIImage+JTKGradient.m */,
			);
			path = "UIImageGradient-master";
			sourceTree = "<group>";
		};
		94AC08B51B9FD2B8006BE1B9 /* SAWebApp */ = {
			isa = PBXGroup;
			children = (
				94AC08B61B9FD2B8006BE1B9 /* SAWebApp.h */,
				94AC08B81B9FD2B8006BE1B9 /* SAWebApp.m */,
				940692A21BA2C46000D17B67 /* Vendor */,
				94AC08CB1B9FD2E2006BE1B9 /* res */,
				94AC08CC1B9FD2E2006BE1B9 /* src */,
			);
			path = SAWebApp;
			sourceTree = "<group>";
		};
		94AC08C21B9FD2B8006BE1B9 /* SAWebAppTests */ = {
			isa = PBXGroup;
			children = (
				94AC08C31B9FD2B8006BE1B9 /* Supporting Files */,
			);
			path = SAWebAppTests;
			sourceTree = "<group>";
		};
		94AC08C31B9FD2B8006BE1B9 /* Supporting Files */ = {
			isa = PBXGroup;
			children = (
				94AC08C41B9FD2B8006BE1B9 /* Info.plist */,
			);
			name = "Supporting Files";
			sourceTree = "<group>";
		};
		94AC08CB1B9FD2E2006BE1B9 /* res */ = {
			isa = PBXGroup;
			children = (
				94AC08D51B9FFFA1006BE1B9 /* EM.js */,
				94AC08D41B9FFBB3006BE1B9 /* EMBridge.js */,
			);
			path = res;
			sourceTree = "<group>";
		};
		94AC08CC1B9FD2E2006BE1B9 /* src */ = {
			isa = PBXGroup;
			children = (
				94AC08D01B9FD644006BE1B9 /* utils */,
				94AC08CD1B9FD2FB006BE1B9 /* SAWebViewController.h */,
				94AC08CE1B9FD2FB006BE1B9 /* SAWebViewController.m */,
				94AC09021BA01B69006BE1B9 /* SAWebViewController+Ext.h */,
				94AC09031BA01B69006BE1B9 /* SAWebViewController+Ext.m */,
				94AC09061BA03708006BE1B9 /* UIWebView+Ext.h */,
				94AC09071BA03708006BE1B9 /* UIWebView+Ext.m */,
				9406929F1BA2C3C400D17B67 /* UIViewController+BarColor.h */,
				940692A01BA2C3C400D17B67 /* UIViewController+BarColor.m */,
				940692B01BA2C63700D17B67 /* JSAction.h */,
				940692B11BA2C63700D17B67 /* JSAction.m */,
				940692B61BA2DF2B00D17B67 /* JSActionModule.h */,
				940692B71BA2DF2B00D17B67 /* JSActionModule.m */,
				940692B91BA2E82700D17B67 /* JSActionModuleBase.h */,
				940692BA1BA2E82700D17B67 /* JSActionModuleBase.m */,
				940692B31BA2CADD00D17B67 /* JSActionModuleLoader.h */,
				940692B41BA2CADD00D17B67 /* JSActionModuleLoader.m */,
				94B255DD1BA82E1900A6BB59 /* JSActionModuleStock.h */,
				94B255DE1BA82E1900A6BB59 /* JSActionModuleStock.m */,
				94B255E01BA9016500A6BB59 /* BaseModule */,
			);
			path = src;
			sourceTree = "<group>";
		};
		94AC08D01B9FD644006BE1B9 /* utils */ = {
			isa = PBXGroup;
			children = (
				940692A71BA2C4F600D17B67 /* UINavigationBar+EMGradient.h */,
				940692A81BA2C4F600D17B67 /* UINavigationBar+EMGradient.m */,
				94AC08D11B9FD65B006BE1B9 /* NSURL+Extensions.h */,
				94AC08D21B9FD65B006BE1B9 /* NSURL+Extensions.m */,
			);
			path = utils;
			sourceTree = "<group>";
		};
		94AC08DB1BA01A9A006BE1B9 /* SAWebAppDemo */ = {
			isa = PBXGroup;
			children = (
				94AC08E01BA01A9A006BE1B9 /* AppDelegate.h */,
				94AC08E11BA01A9A006BE1B9 /* AppDelegate.m */,
				94AC08E31BA01A9A006BE1B9 /* ViewController.h */,
				94AC08E41BA01A9A006BE1B9 /* ViewController.m */,
				94AC08E61BA01A9A006BE1B9 /* Main.storyboard */,
				94AC08E91BA01A9A006BE1B9 /* Images.xcassets */,
				94AC08EB1BA01A9A006BE1B9 /* LaunchScreen.xib */,
				94AC08DC1BA01A9A006BE1B9 /* Supporting Files */,
			);
			path = SAWebAppDemo;
			sourceTree = "<group>";
		};
		94AC08DC1BA01A9A006BE1B9 /* Supporting Files */ = {
			isa = PBXGroup;
			children = (
				94AC08DD1BA01A9A006BE1B9 /* Info.plist */,
				94AC08DE1BA01A9A006BE1B9 /* main.m */,
			);
			name = "Supporting Files";
			sourceTree = "<group>";
		};
		94AC08F51BA01A9A006BE1B9 /* SAWebAppDemoTests */ = {
			isa = PBXGroup;
			children = (
				94AC08F81BA01A9A006BE1B9 /* SAWebAppDemoTests.m */,
				94AC08F61BA01A9A006BE1B9 /* Supporting Files */,
			);
			path = SAWebAppDemoTests;
			sourceTree = "<group>";
		};
		94AC08F61BA01A9A006BE1B9 /* Supporting Files */ = {
			isa = PBXGroup;
			children = (
				94AC08F71BA01A9A006BE1B9 /* Info.plist */,
			);
			name = "Supporting Files";
			sourceTree = "<group>";
		};
		94B255E01BA9016500A6BB59 /* BaseModule */ = {
			isa = PBXGroup;
			children = (
			);
			path = BaseModule;
			sourceTree = "<group>";
		};
		94E7DE221B789D5600A6FCC0 = {
			isa = PBXGroup;
			children = (
				94AC09091BA0375B006BE1B9 /* JavaScriptCore.framework */,
				94E7DE2D1B789D5600A6FCC0 /* AppSettings */,
				94E7DE4A1B789D5600A6FCC0 /* AppSettingsTests */,
				94E7DE5D1B789D7300A6FCC0 /* PlugableApp */,
				94E7DE6C1B789D7300A6FCC0 /* PlugableAppTests */,
				94AC08B51B9FD2B8006BE1B9 /* SAWebApp */,
				94AC08C21B9FD2B8006BE1B9 /* SAWebAppTests */,
				94AC08DB1BA01A9A006BE1B9 /* SAWebAppDemo */,
				94AC08F51BA01A9A006BE1B9 /* SAWebAppDemoTests */,
				94E7DE2C1B789D5600A6FCC0 /* Products */,
			);
			sourceTree = "<group>";
		};
		94E7DE2C1B789D5600A6FCC0 /* Products */ = {
			isa = PBXGroup;
			children = (
				94E7DE2B1B789D5600A6FCC0 /* AppSettings.app */,
				94E7DE471B789D5600A6FCC0 /* AppSettingsTests.xctest */,
				94E7DE5C1B789D7300A6FCC0 /* PlugableApp.framework */,
				94E7DE661B789D7300A6FCC0 /* PlugableAppTests.xctest */,
				94AC08B41B9FD2B8006BE1B9 /* libSAWebApp.a */,
				94AC08BE1B9FD2B8006BE1B9 /* SAWebAppTests.xctest */,
				94AC08DA1BA01A9A006BE1B9 /* SAWebAppDemo.app */,
				94AC08F21BA01A9A006BE1B9 /* SAWebAppDemoTests.xctest */,
			);
			name = Products;
			sourceTree = "<group>";
		};
		94E7DE2D1B789D5600A6FCC0 /* AppSettings */ = {
			isa = PBXGroup;
			children = (
				94E7DEB21B7C447F00A6FCC0 /* DemoApp1 */,
				94E7DE321B789D5600A6FCC0 /* AppDelegate.h */,
				94E7DE331B789D5600A6FCC0 /* AppDelegate.m */,
				94E7DE351B789D5600A6FCC0 /* MasterViewController.h */,
				94E7DE361B789D5600A6FCC0 /* MasterViewController.m */,
				94E7DE381B789D5600A6FCC0 /* DetailViewController.h */,
				94E7DE391B789D5600A6FCC0 /* DetailViewController.m */,
				94E7DE3B1B789D5600A6FCC0 /* Main.storyboard */,
				94E7DE3E1B789D5600A6FCC0 /* Images.xcassets */,
				94E7DE401B789D5600A6FCC0 /* LaunchScreen.xib */,
				94E7DE2E1B789D5600A6FCC0 /* Supporting Files */,
			);
			path = AppSettings;
			sourceTree = "<group>";
		};
		94E7DE2E1B789D5600A6FCC0 /* Supporting Files */ = {
			isa = PBXGroup;
			children = (
				94E7DE2F1B789D5600A6FCC0 /* Info.plist */,
				94E7DE301B789D5600A6FCC0 /* main.m */,
			);
			name = "Supporting Files";
			sourceTree = "<group>";
		};
		94E7DE4A1B789D5600A6FCC0 /* AppSettingsTests */ = {
			isa = PBXGroup;
			children = (
				94E7DE4D1B789D5600A6FCC0 /* AppSettingsTests.m */,
				94E7DE4B1B789D5600A6FCC0 /* Supporting Files */,
			);
			path = AppSettingsTests;
			sourceTree = "<group>";
		};
		94E7DE4B1B789D5600A6FCC0 /* Supporting Files */ = {
			isa = PBXGroup;
			children = (
				94E7DE4C1B789D5600A6FCC0 /* Info.plist */,
			);
			name = "Supporting Files";
			sourceTree = "<group>";
		};
		94E7DE5D1B789D7300A6FCC0 /* PlugableApp */ = {
			isa = PBXGroup;
			children = (
				94E7DE601B789D7300A6FCC0 /* PlugableAppKit.h */,
				94E7DE7C1B789D9800A6FCC0 /* src */,
				94E7DE5E1B789D7300A6FCC0 /* Supporting Files */,
			);
			path = PlugableApp;
			sourceTree = "<group>";
		};
		94E7DE5E1B789D7300A6FCC0 /* Supporting Files */ = {
			isa = PBXGroup;
			children = (
				94E7DE5F1B789D7300A6FCC0 /* Info.plist */,
			);
			name = "Supporting Files";
			sourceTree = "<group>";
		};
		94E7DE6C1B789D7300A6FCC0 /* PlugableAppTests */ = {
			isa = PBXGroup;
			children = (
				94E7DE6F1B789D7300A6FCC0 /* PlugableAppTests.m */,
				94E7DE6D1B789D7300A6FCC0 /* Supporting Files */,
			);
			path = PlugableAppTests;
			sourceTree = "<group>";
		};
		94E7DE6D1B789D7300A6FCC0 /* Supporting Files */ = {
			isa = PBXGroup;
			children = (
				94E7DE6E1B789D7300A6FCC0 /* Info.plist */,
			);
			name = "Supporting Files";
			sourceTree = "<group>";
		};
		94E7DE7C1B789D9800A6FCC0 /* src */ = {
			isa = PBXGroup;
			children = (
				94E7DE7D1B789DBD00A6FCC0 /* URLParterns */,
				94E7DE7E1B789E6300A6FCC0 /* RWAppConfig.h */,
				94E7DE7F1B789E6300A6FCC0 /* RWAppConfig.m */,
				94E7DE821B789F6F00A6FCC0 /* RWPlugableApp.h */,
				94E7DE831B789F6F00A6FCC0 /* RWPlugableApp.m */,
				94E7DEAD1B7C431F00A6FCC0 /* RWAppLoader.h */,
				94E7DEAE1B7C431F00A6FCC0 /* RWAppLoader.m */,
			);
			path = src;
			sourceTree = "<group>";
		};
		94E7DE7D1B789DBD00A6FCC0 /* URLParterns */ = {
			isa = PBXGroup;
			children = (
				94E7DE8E1B78A52600A6FCC0 /* urls.h */,
				94E7DE8F1B78A52600A6FCC0 /* urls.m */,
				94E7DE861B78A01600A6FCC0 /* Router.h */,
				94E7DE871B78A01600A6FCC0 /* Router.m */,
				94E7DE8A1B78A07000A6FCC0 /* RegexURLResolver.h */,
				94E7DE8B1B78A07000A6FCC0 /* RegexURLResolver.m */,
				94E7DE921B78A5A600A6FCC0 /* AppSettings.h */,
				94E7DE931B78A5A600A6FCC0 /* AppSettings.m */,
				94E7DE991B78A63800A6FCC0 /* AppURL.h */,
				94E7DE9A1B78A63800A6FCC0 /* AppURL.m */,
			);
			path = URLParterns;
			sourceTree = "<group>";
		};
		94E7DEB21B7C447F00A6FCC0 /* DemoApp1 */ = {
			isa = PBXGroup;
			children = (
				94E7DEB31B7C447F00A6FCC0 /* MyAppSettings.h */,
				94E7DEB41B7C447F00A6FCC0 /* MyAppSettings.m */,
				94E7DEB51B7C447F00A6FCC0 /* MyAppURL.h */,
				94E7DEB61B7C447F00A6FCC0 /* MyAppURL.m */,
			);
			path = DemoApp1;
			sourceTree = "<group>";
		};
/* End PBXGroup section */

/* Begin PBXHeadersBuildPhase section */
		94E7DE591B789D7300A6FCC0 /* Headers */ = {
			isa = PBXHeadersBuildPhase;
			buildActionMask = 2147483647;
			files = (
				94E7DE841B789F6F00A6FCC0 /* RWPlugableApp.h in Headers */,
				94E7DE8C1B78A07000A6FCC0 /* RegexURLResolver.h in Headers */,
				94E7DE9B1B78A63800A6FCC0 /* AppURL.h in Headers */,
				94E7DE801B789E6300A6FCC0 /* RWAppConfig.h in Headers */,
				94E7DE611B789D7300A6FCC0 /* PlugableAppKit.h in Headers */,
				94E7DEAF1B7C431F00A6FCC0 /* RWAppLoader.h in Headers */,
				94E7DE941B78A5A600A6FCC0 /* AppSettings.h in Headers */,
				94E7DE901B78A52600A6FCC0 /* urls.h in Headers */,
				94E7DE881B78A01600A6FCC0 /* Router.h in Headers */,
			);
			runOnlyForDeploymentPostprocessing = 0;
		};
/* End PBXHeadersBuildPhase section */

/* Begin PBXNativeTarget section */
		94AC08B31B9FD2B8006BE1B9 /* SAWebApp */ = {
			isa = PBXNativeTarget;
			buildConfigurationList = 94AC08C91B9FD2B8006BE1B9 /* Build configuration list for PBXNativeTarget "SAWebApp" */;
			buildPhases = (
				94AC08B01B9FD2B8006BE1B9 /* Sources */,
				94AC08B11B9FD2B8006BE1B9 /* Frameworks */,
				94AC08B21B9FD2B8006BE1B9 /* CopyFiles */,
			);
			buildRules = (
			);
			dependencies = (
			);
			name = SAWebApp;
			productName = SAWebApp;
			productReference = 94AC08B41B9FD2B8006BE1B9 /* libSAWebApp.a */;
			productType = "com.apple.product-type.library.static";
		};
		94AC08BD1B9FD2B8006BE1B9 /* SAWebAppTests */ = {
			isa = PBXNativeTarget;
			buildConfigurationList = 94AC08CA1B9FD2B8006BE1B9 /* Build configuration list for PBXNativeTarget "SAWebAppTests" */;
			buildPhases = (
				94AC08BA1B9FD2B8006BE1B9 /* Sources */,
				94AC08BB1B9FD2B8006BE1B9 /* Frameworks */,
				94AC08BC1B9FD2B8006BE1B9 /* Resources */,
			);
			buildRules = (
			);
			dependencies = (
				94AC08C11B9FD2B8006BE1B9 /* PBXTargetDependency */,
			);
			name = SAWebAppTests;
			productName = SAWebAppTests;
			productReference = 94AC08BE1B9FD2B8006BE1B9 /* SAWebAppTests.xctest */;
			productType = "com.apple.product-type.bundle.unit-test";
		};
		94AC08D91BA01A9A006BE1B9 /* SAWebAppDemo */ = {
			isa = PBXNativeTarget;
			buildConfigurationList = 94AC08FA1BA01A9A006BE1B9 /* Build configuration list for PBXNativeTarget "SAWebAppDemo" */;
			buildPhases = (
				94AC08D61BA01A9A006BE1B9 /* Sources */,
				94AC08D71BA01A9A006BE1B9 /* Frameworks */,
				94AC08D81BA01A9A006BE1B9 /* Resources */,
			);
			buildRules = (
			);
			dependencies = (
				94AC09011BA01AAB006BE1B9 /* PBXTargetDependency */,
			);
			name = SAWebAppDemo;
			productName = SAWebAppDemo;
			productReference = 94AC08DA1BA01A9A006BE1B9 /* SAWebAppDemo.app */;
			productType = "com.apple.product-type.application";
		};
		94AC08F11BA01A9A006BE1B9 /* SAWebAppDemoTests */ = {
			isa = PBXNativeTarget;
			buildConfigurationList = 94AC08FD1BA01A9A006BE1B9 /* Build configuration list for PBXNativeTarget "SAWebAppDemoTests" */;
			buildPhases = (
				94AC08EE1BA01A9A006BE1B9 /* Sources */,
				94AC08EF1BA01A9A006BE1B9 /* Frameworks */,
				94AC08F01BA01A9A006BE1B9 /* Resources */,
			);
			buildRules = (
			);
			dependencies = (
				94AC08F41BA01A9A006BE1B9 /* PBXTargetDependency */,
			);
			name = SAWebAppDemoTests;
			productName = SAWebAppDemoTests;
			productReference = 94AC08F21BA01A9A006BE1B9 /* SAWebAppDemoTests.xctest */;
			productType = "com.apple.product-type.bundle.unit-test";
		};
		94E7DE2A1B789D5600A6FCC0 /* AppSettings */ = {
			isa = PBXNativeTarget;
			buildConfigurationList = 94E7DE511B789D5600A6FCC0 /* Build configuration list for PBXNativeTarget "AppSettings" */;
			buildPhases = (
				94E7DE271B789D5600A6FCC0 /* Sources */,
				94E7DE281B789D5600A6FCC0 /* Frameworks */,
				94E7DE291B789D5600A6FCC0 /* Resources */,
				94E7DE781B789D7300A6FCC0 /* Embed Frameworks */,
			);
			buildRules = (
			);
			dependencies = (
				94E7DE721B789D7300A6FCC0 /* PBXTargetDependency */,
			);
			name = AppSettings;
			productName = AppSettings;
			productReference = 94E7DE2B1B789D5600A6FCC0 /* AppSettings.app */;
			productType = "com.apple.product-type.application";
		};
		94E7DE461B789D5600A6FCC0 /* AppSettingsTests */ = {
			isa = PBXNativeTarget;
			buildConfigurationList = 94E7DE541B789D5600A6FCC0 /* Build configuration list for PBXNativeTarget "AppSettingsTests" */;
			buildPhases = (
				94E7DE431B789D5600A6FCC0 /* Sources */,
				94E7DE441B789D5600A6FCC0 /* Frameworks */,
				94E7DE451B789D5600A6FCC0 /* Resources */,
			);
			buildRules = (
			);
			dependencies = (
				94E7DE491B789D5600A6FCC0 /* PBXTargetDependency */,
			);
			name = AppSettingsTests;
			productName = AppSettingsTests;
			productReference = 94E7DE471B789D5600A6FCC0 /* AppSettingsTests.xctest */;
			productType = "com.apple.product-type.bundle.unit-test";
		};
		94E7DE5B1B789D7300A6FCC0 /* PlugableApp */ = {
			isa = PBXNativeTarget;
			buildConfigurationList = 94E7DE751B789D7300A6FCC0 /* Build configuration list for PBXNativeTarget "PlugableApp" */;
			buildPhases = (
				94E7DE571B789D7300A6FCC0 /* Sources */,
				94E7DE581B789D7300A6FCC0 /* Frameworks */,
				94E7DE591B789D7300A6FCC0 /* Headers */,
				94E7DE5A1B789D7300A6FCC0 /* Resources */,
			);
			buildRules = (
			);
			dependencies = (
			);
			name = PlugableApp;
			productName = PlugableApp;
			productReference = 94E7DE5C1B789D7300A6FCC0 /* PlugableApp.framework */;
			productType = "com.apple.product-type.framework";
		};
		94E7DE651B789D7300A6FCC0 /* PlugableAppTests */ = {
			isa = PBXNativeTarget;
			buildConfigurationList = 94E7DE791B789D7300A6FCC0 /* Build configuration list for PBXNativeTarget "PlugableAppTests" */;
			buildPhases = (
				94E7DE621B789D7300A6FCC0 /* Sources */,
				94E7DE631B789D7300A6FCC0 /* Frameworks */,
				94E7DE641B789D7300A6FCC0 /* Resources */,
			);
			buildRules = (
			);
			dependencies = (
				94E7DE691B789D7300A6FCC0 /* PBXTargetDependency */,
				94E7DE6B1B789D7300A6FCC0 /* PBXTargetDependency */,
			);
			name = PlugableAppTests;
			productName = PlugableAppTests;
			productReference = 94E7DE661B789D7300A6FCC0 /* PlugableAppTests.xctest */;
			productType = "com.apple.product-type.bundle.unit-test";
		};
/* End PBXNativeTarget section */

/* Begin PBXProject section */
		94E7DE231B789D5600A6FCC0 /* Project object */ = {
			isa = PBXProject;
			attributes = {
				LastUpgradeCheck = 0640;
				ORGANIZATIONNAME = Ryan;
				TargetAttributes = {
					94AC08B31B9FD2B8006BE1B9 = {
						CreatedOnToolsVersion = 6.4;
					};
					94AC08BD1B9FD2B8006BE1B9 = {
						CreatedOnToolsVersion = 6.4;
					};
					94AC08D91BA01A9A006BE1B9 = {
						CreatedOnToolsVersion = 6.4;
					};
					94AC08F11BA01A9A006BE1B9 = {
						CreatedOnToolsVersion = 6.4;
						TestTargetID = 94AC08D91BA01A9A006BE1B9;
					};
					94E7DE2A1B789D5600A6FCC0 = {
						CreatedOnToolsVersion = 6.4;
					};
					94E7DE461B789D5600A6FCC0 = {
						CreatedOnToolsVersion = 6.4;
						TestTargetID = 94E7DE2A1B789D5600A6FCC0;
					};
					94E7DE5B1B789D7300A6FCC0 = {
						CreatedOnToolsVersion = 6.4;
					};
					94E7DE651B789D7300A6FCC0 = {
						CreatedOnToolsVersion = 6.4;
						TestTargetID = 94E7DE2A1B789D5600A6FCC0;
					};
				};
			};
			buildConfigurationList = 94E7DE261B789D5600A6FCC0 /* Build configuration list for PBXProject "AppSettings" */;
			compatibilityVersion = "Xcode 3.2";
			developmentRegion = English;
			hasScannedForEncodings = 0;
			knownRegions = (
				en,
				Base,
			);
			mainGroup = 94E7DE221B789D5600A6FCC0;
			productRefGroup = 94E7DE2C1B789D5600A6FCC0 /* Products */;
			projectDirPath = "";
			projectRoot = "";
			targets = (
				94E7DE2A1B789D5600A6FCC0 /* AppSettings */,
				94E7DE461B789D5600A6FCC0 /* AppSettingsTests */,
				94E7DE5B1B789D7300A6FCC0 /* PlugableApp */,
				94E7DE651B789D7300A6FCC0 /* PlugableAppTests */,
				94AC08B31B9FD2B8006BE1B9 /* SAWebApp */,
				94AC08BD1B9FD2B8006BE1B9 /* SAWebAppTests */,
				94AC08D91BA01A9A006BE1B9 /* SAWebAppDemo */,
				94AC08F11BA01A9A006BE1B9 /* SAWebAppDemoTests */,
			);
		};
/* End PBXProject section */

/* Begin PBXResourcesBuildPhase section */
		94AC08BC1B9FD2B8006BE1B9 /* Resources */ = {
			isa = PBXResourcesBuildPhase;
			buildActionMask = 2147483647;
			files = (
			);
			runOnlyForDeploymentPostprocessing = 0;
		};
		94AC08D81BA01A9A006BE1B9 /* Resources */ = {
			isa = PBXResourcesBuildPhase;
			buildActionMask = 2147483647;
			files = (
				94AC08E81BA01A9A006BE1B9 /* Main.storyboard in Resources */,
				94AC08ED1BA01A9A006BE1B9 /* LaunchScreen.xib in Resources */,
				94AC08EA1BA01A9A006BE1B9 /* Images.xcassets in Resources */,
			);
			runOnlyForDeploymentPostprocessing = 0;
		};
		94AC08F01BA01A9A006BE1B9 /* Resources */ = {
			isa = PBXResourcesBuildPhase;
			buildActionMask = 2147483647;
			files = (
			);
			runOnlyForDeploymentPostprocessing = 0;
		};
		94E7DE291B789D5600A6FCC0 /* Resources */ = {
			isa = PBXResourcesBuildPhase;
			buildActionMask = 2147483647;
			files = (
				94E7DE3D1B789D5600A6FCC0 /* Main.storyboard in Resources */,
				94E7DE421B789D5600A6FCC0 /* LaunchScreen.xib in Resources */,
				94E7DE3F1B789D5600A6FCC0 /* Images.xcassets in Resources */,
			);
			runOnlyForDeploymentPostprocessing = 0;
		};
		94E7DE451B789D5600A6FCC0 /* Resources */ = {
			isa = PBXResourcesBuildPhase;
			buildActionMask = 2147483647;
			files = (
			);
			runOnlyForDeploymentPostprocessing = 0;
		};
		94E7DE5A1B789D7300A6FCC0 /* Resources */ = {
			isa = PBXResourcesBuildPhase;
			buildActionMask = 2147483647;
			files = (
			);
			runOnlyForDeploymentPostprocessing = 0;
		};
		94E7DE641B789D7300A6FCC0 /* Resources */ = {
			isa = PBXResourcesBuildPhase;
			buildActionMask = 2147483647;
			files = (
			);
			runOnlyForDeploymentPostprocessing = 0;
		};
/* End PBXResourcesBuildPhase section */

/* Begin PBXSourcesBuildPhase section */
		94AC08B01B9FD2B8006BE1B9 /* Sources */ = {
			isa = PBXSourcesBuildPhase;
			buildActionMask = 2147483647;
			files = (
				940692B81BA2DF2B00D17B67 /* JSActionModule.m in Sources */,
				94AC08B91B9FD2B8006BE1B9 /* SAWebApp.m in Sources */,
				94B255DF1BA82E1900A6BB59 /* JSActionModuleStock.m in Sources */,
				940692B21BA2C63700D17B67 /* JSAction.m in Sources */,
				940692AF1BA2C51300D17B67 /* UIImage+JTKGradient.m in Sources */,
				94AC09081BA03708006BE1B9 /* UIWebView+Ext.m in Sources */,
				94AC09041BA01B69006BE1B9 /* SAWebViewController+Ext.m in Sources */,
				94AC08D31B9FD65B006BE1B9 /* NSURL+Extensions.m in Sources */,
				940692A61BA2C46000D17B67 /* UIColor+HexString.m in Sources */,
				940692A91BA2C4F600D17B67 /* UINavigationBar+EMGradient.m in Sources */,
				940692BB1BA2E82700D17B67 /* JSActionModuleBase.m in Sources */,
				940692AE1BA2C51300D17B67 /* README.md in Sources */,
				940692B51BA2CADD00D17B67 /* JSActionModuleLoader.m in Sources */,
				940692A11BA2C3C400D17B67 /* UIViewController+BarColor.m in Sources */,
				94AC08CF1B9FD2FB006BE1B9 /* SAWebViewController.m in Sources */,
			);
			runOnlyForDeploymentPostprocessing = 0;
		};
		94AC08BA1B9FD2B8006BE1B9 /* Sources */ = {
			isa = PBXSourcesBuildPhase;
			buildActionMask = 2147483647;
			files = (
			);
			runOnlyForDeploymentPostprocessing = 0;
		};
		94AC08D61BA01A9A006BE1B9 /* Sources */ = {
			isa = PBXSourcesBuildPhase;
			buildActionMask = 2147483647;
			files = (
				94AC08E51BA01A9A006BE1B9 /* ViewController.m in Sources */,
				94AC08E21BA01A9A006BE1B9 /* AppDelegate.m in Sources */,
				94AC08DF1BA01A9A006BE1B9 /* main.m in Sources */,
			);
			runOnlyForDeploymentPostprocessing = 0;
		};
		94AC08EE1BA01A9A006BE1B9 /* Sources */ = {
			isa = PBXSourcesBuildPhase;
			buildActionMask = 2147483647;
			files = (
				94AC08F91BA01A9A006BE1B9 /* SAWebAppDemoTests.m in Sources */,
			);
			runOnlyForDeploymentPostprocessing = 0;
		};
		94E7DE271B789D5600A6FCC0 /* Sources */ = {
			isa = PBXSourcesBuildPhase;
			buildActionMask = 2147483647;
			files = (
				94E7DE341B789D5600A6FCC0 /* AppDelegate.m in Sources */,
				94E7DE371B789D5600A6FCC0 /* MasterViewController.m in Sources */,
				94E7DE311B789D5600A6FCC0 /* main.m in Sources */,
				94E7DE3A1B789D5600A6FCC0 /* DetailViewController.m in Sources */,
				94E7DEB71B7C447F00A6FCC0 /* MyAppSettings.m in Sources */,
				94E7DEB81B7C447F00A6FCC0 /* MyAppURL.m in Sources */,
			);
			runOnlyForDeploymentPostprocessing = 0;
		};
		94E7DE431B789D5600A6FCC0 /* Sources */ = {
			isa = PBXSourcesBuildPhase;
			buildActionMask = 2147483647;
			files = (
				94E7DE4E1B789D5600A6FCC0 /* AppSettingsTests.m in Sources */,
			);
			runOnlyForDeploymentPostprocessing = 0;
		};
		94E7DE571B789D7300A6FCC0 /* Sources */ = {
			isa = PBXSourcesBuildPhase;
			buildActionMask = 2147483647;
			files = (
				94E7DE911B78A52600A6FCC0 /* urls.m in Sources */,
				94E7DEB01B7C431F00A6FCC0 /* RWAppLoader.m in Sources */,
				94E7DE811B789E6300A6FCC0 /* RWAppConfig.m in Sources */,
				94E7DE951B78A5A600A6FCC0 /* AppSettings.m in Sources */,
				94E7DE8D1B78A07000A6FCC0 /* RegexURLResolver.m in Sources */,
				94E7DE891B78A01600A6FCC0 /* Router.m in Sources */,
				94E7DE9C1B78A63800A6FCC0 /* AppURL.m in Sources */,
				94E7DE851B789F6F00A6FCC0 /* RWPlugableApp.m in Sources */,
			);
			runOnlyForDeploymentPostprocessing = 0;
		};
		94E7DE621B789D7300A6FCC0 /* Sources */ = {
			isa = PBXSourcesBuildPhase;
			buildActionMask = 2147483647;
			files = (
				94E7DE701B789D7300A6FCC0 /* PlugableAppTests.m in Sources */,
			);
			runOnlyForDeploymentPostprocessing = 0;
		};
/* End PBXSourcesBuildPhase section */

/* Begin PBXTargetDependency section */
		94AC08C11B9FD2B8006BE1B9 /* PBXTargetDependency */ = {
			isa = PBXTargetDependency;
			target = 94AC08B31B9FD2B8006BE1B9 /* SAWebApp */;
			targetProxy = 94AC08C01B9FD2B8006BE1B9 /* PBXContainerItemProxy */;
		};
		94AC08F41BA01A9A006BE1B9 /* PBXTargetDependency */ = {
			isa = PBXTargetDependency;
			target = 94AC08D91BA01A9A006BE1B9 /* SAWebAppDemo */;
			targetProxy = 94AC08F31BA01A9A006BE1B9 /* PBXContainerItemProxy */;
		};
		94AC09011BA01AAB006BE1B9 /* PBXTargetDependency */ = {
			isa = PBXTargetDependency;
			target = 94AC08B31B9FD2B8006BE1B9 /* SAWebApp */;
			targetProxy = 94AC09001BA01AAB006BE1B9 /* PBXContainerItemProxy */;
		};
		94E7DE491B789D5600A6FCC0 /* PBXTargetDependency */ = {
			isa = PBXTargetDependency;
			target = 94E7DE2A1B789D5600A6FCC0 /* AppSettings */;
			targetProxy = 94E7DE481B789D5600A6FCC0 /* PBXContainerItemProxy */;
		};
		94E7DE691B789D7300A6FCC0 /* PBXTargetDependency */ = {
			isa = PBXTargetDependency;
			target = 94E7DE5B1B789D7300A6FCC0 /* PlugableApp */;
			targetProxy = 94E7DE681B789D7300A6FCC0 /* PBXContainerItemProxy */;
		};
		94E7DE6B1B789D7300A6FCC0 /* PBXTargetDependency */ = {
			isa = PBXTargetDependency;
			target = 94E7DE2A1B789D5600A6FCC0 /* AppSettings */;
			targetProxy = 94E7DE6A1B789D7300A6FCC0 /* PBXContainerItemProxy */;
		};
		94E7DE721B789D7300A6FCC0 /* PBXTargetDependency */ = {
			isa = PBXTargetDependency;
			target = 94E7DE5B1B789D7300A6FCC0 /* PlugableApp */;
			targetProxy = 94E7DE711B789D7300A6FCC0 /* PBXContainerItemProxy */;
		};
/* End PBXTargetDependency section */

/* Begin PBXVariantGroup section */
		94AC08E61BA01A9A006BE1B9 /* Main.storyboard */ = {
			isa = PBXVariantGroup;
			children = (
				94AC08E71BA01A9A006BE1B9 /* Base */,
			);
			name = Main.storyboard;
			sourceTree = "<group>";
		};
		94AC08EB1BA01A9A006BE1B9 /* LaunchScreen.xib */ = {
			isa = PBXVariantGroup;
			children = (
				94AC08EC1BA01A9A006BE1B9 /* Base */,
			);
			name = LaunchScreen.xib;
			sourceTree = "<group>";
		};
		94E7DE3B1B789D5600A6FCC0 /* Main.storyboard */ = {
			isa = PBXVariantGroup;
			children = (
				94E7DE3C1B789D5600A6FCC0 /* Base */,
			);
			name = Main.storyboard;
			sourceTree = "<group>";
		};
		94E7DE401B789D5600A6FCC0 /* LaunchScreen.xib */ = {
			isa = PBXVariantGroup;
			children = (
				94E7DE411B789D5600A6FCC0 /* Base */,
			);
			name = LaunchScreen.xib;
			sourceTree = "<group>";
		};
/* End PBXVariantGroup section */

/* Begin XCBuildConfiguration section */
		94AC08C51B9FD2B8006BE1B9 /* Debug */ = {
			isa = XCBuildConfiguration;
			buildSettings = {
				GCC_PREPROCESSOR_DEFINITIONS = (
					"DEBUG=1",
					"$(inherited)",
				);
				OTHER_LDFLAGS = "-ObjC";
				PRODUCT_NAME = "$(TARGET_NAME)";
				SKIP_INSTALL = YES;
			};
			name = Debug;
		};
		94AC08C61B9FD2B8006BE1B9 /* Release */ = {
			isa = XCBuildConfiguration;
			buildSettings = {
				OTHER_LDFLAGS = "-ObjC";
				PRODUCT_NAME = "$(TARGET_NAME)";
				SKIP_INSTALL = YES;
			};
			name = Release;
		};
		94AC08C71B9FD2B8006BE1B9 /* Debug */ = {
			isa = XCBuildConfiguration;
			buildSettings = {
				FRAMEWORK_SEARCH_PATHS = (
					"$(SDKROOT)/Developer/Library/Frameworks",
					"$(inherited)",
				);
				GCC_PREPROCESSOR_DEFINITIONS = (
					"DEBUG=1",
					"$(inherited)",
				);
				INFOPLIST_FILE = SAWebAppTests/Info.plist;
				LD_RUNPATH_SEARCH_PATHS = "$(inherited) @executable_path/Frameworks @loader_path/Frameworks";
				PRODUCT_NAME = "$(TARGET_NAME)";
			};
			name = Debug;
		};
		94AC08C81B9FD2B8006BE1B9 /* Release */ = {
			isa = XCBuildConfiguration;
			buildSettings = {
				FRAMEWORK_SEARCH_PATHS = (
					"$(SDKROOT)/Developer/Library/Frameworks",
					"$(inherited)",
				);
				INFOPLIST_FILE = SAWebAppTests/Info.plist;
				LD_RUNPATH_SEARCH_PATHS = "$(inherited) @executable_path/Frameworks @loader_path/Frameworks";
				PRODUCT_NAME = "$(TARGET_NAME)";
			};
			name = Release;
		};
		94AC08FB1BA01A9A006BE1B9 /* Debug */ = {
			isa = XCBuildConfiguration;
			buildSettings = {
				ASSETCATALOG_COMPILER_APPICON_NAME = AppIcon;
				GCC_PREPROCESSOR_DEFINITIONS = (
					"DEBUG=1",
					"$(inherited)",
				);
				INFOPLIST_FILE = SAWebAppDemo/Info.plist;
				LD_RUNPATH_SEARCH_PATHS = "$(inherited) @executable_path/Frameworks";
				PRODUCT_NAME = "$(TARGET_NAME)";
			};
			name = Debug;
		};
		94AC08FC1BA01A9A006BE1B9 /* Release */ = {
			isa = XCBuildConfiguration;
			buildSettings = {
				ASSETCATALOG_COMPILER_APPICON_NAME = AppIcon;
				INFOPLIST_FILE = SAWebAppDemo/Info.plist;
				LD_RUNPATH_SEARCH_PATHS = "$(inherited) @executable_path/Frameworks";
				PRODUCT_NAME = "$(TARGET_NAME)";
			};
			name = Release;
		};
		94AC08FE1BA01A9A006BE1B9 /* Debug */ = {
			isa = XCBuildConfiguration;
			buildSettings = {
				BUNDLE_LOADER = "$(TEST_HOST)";
				FRAMEWORK_SEARCH_PATHS = (
					"$(SDKROOT)/Developer/Library/Frameworks",
					"$(inherited)",
				);
				GCC_PREPROCESSOR_DEFINITIONS = (
					"DEBUG=1",
					"$(inherited)",
				);
				INFOPLIST_FILE = SAWebAppDemoTests/Info.plist;
				LD_RUNPATH_SEARCH_PATHS = "$(inherited) @executable_path/Frameworks @loader_path/Frameworks";
				PRODUCT_NAME = "$(TARGET_NAME)";
				TEST_HOST = "$(BUILT_PRODUCTS_DIR)/SAWebAppDemo.app/SAWebAppDemo";
			};
			name = Debug;
		};
		94AC08FF1BA01A9A006BE1B9 /* Release */ = {
			isa = XCBuildConfiguration;
			buildSettings = {
				BUNDLE_LOADER = "$(TEST_HOST)";
				FRAMEWORK_SEARCH_PATHS = (
					"$(SDKROOT)/Developer/Library/Frameworks",
					"$(inherited)",
				);
				INFOPLIST_FILE = SAWebAppDemoTests/Info.plist;
				LD_RUNPATH_SEARCH_PATHS = "$(inherited) @executable_path/Frameworks @loader_path/Frameworks";
				PRODUCT_NAME = "$(TARGET_NAME)";
				TEST_HOST = "$(BUILT_PRODUCTS_DIR)/SAWebAppDemo.app/SAWebAppDemo";
			};
			name = Release;
		};
		94E7DE4F1B789D5600A6FCC0 /* Debug */ = {
			isa = XCBuildConfiguration;
			buildSettings = {
				ALWAYS_SEARCH_USER_PATHS = NO;
				CLANG_CXX_LANGUAGE_STANDARD = "gnu++0x";
				CLANG_CXX_LIBRARY = "libc++";
				CLANG_ENABLE_MODULES = YES;
				CLANG_ENABLE_OBJC_ARC = YES;
				CLANG_WARN_BOOL_CONVERSION = YES;
				CLANG_WARN_CONSTANT_CONVERSION = YES;
				CLANG_WARN_DIRECT_OBJC_ISA_USAGE = YES_ERROR;
				CLANG_WARN_EMPTY_BODY = YES;
				CLANG_WARN_ENUM_CONVERSION = YES;
				CLANG_WARN_INT_CONVERSION = YES;
				CLANG_WARN_OBJC_ROOT_CLASS = YES_ERROR;
				CLANG_WARN_UNREACHABLE_CODE = YES;
				CLANG_WARN__DUPLICATE_METHOD_MATCH = YES;
				"CODE_SIGN_IDENTITY[sdk=iphoneos*]" = "iPhone Developer";
				COPY_PHASE_STRIP = NO;
				DEBUG_INFORMATION_FORMAT = "dwarf-with-dsym";
				ENABLE_STRICT_OBJC_MSGSEND = YES;
				GCC_C_LANGUAGE_STANDARD = gnu99;
				GCC_DYNAMIC_NO_PIC = NO;
				GCC_NO_COMMON_BLOCKS = YES;
				GCC_OPTIMIZATION_LEVEL = 0;
				GCC_PREPROCESSOR_DEFINITIONS = (
					"DEBUG=1",
					"$(inherited)",
				);
				GCC_SYMBOLS_PRIVATE_EXTERN = NO;
				GCC_WARN_64_TO_32_BIT_CONVERSION = YES;
				GCC_WARN_ABOUT_RETURN_TYPE = YES_ERROR;
				GCC_WARN_UNDECLARED_SELECTOR = YES;
				GCC_WARN_UNINITIALIZED_AUTOS = YES_AGGRESSIVE;
				GCC_WARN_UNUSED_FUNCTION = YES;
				GCC_WARN_UNUSED_VARIABLE = YES;
				IPHONEOS_DEPLOYMENT_TARGET = 8.4;
				MTL_ENABLE_DEBUG_INFO = YES;
				ONLY_ACTIVE_ARCH = YES;
				SDKROOT = iphoneos;
			};
			name = Debug;
		};
		94E7DE501B789D5600A6FCC0 /* Release */ = {
			isa = XCBuildConfiguration;
			buildSettings = {
				ALWAYS_SEARCH_USER_PATHS = NO;
				CLANG_CXX_LANGUAGE_STANDARD = "gnu++0x";
				CLANG_CXX_LIBRARY = "libc++";
				CLANG_ENABLE_MODULES = YES;
				CLANG_ENABLE_OBJC_ARC = YES;
				CLANG_WARN_BOOL_CONVERSION = YES;
				CLANG_WARN_CONSTANT_CONVERSION = YES;
				CLANG_WARN_DIRECT_OBJC_ISA_USAGE = YES_ERROR;
				CLANG_WARN_EMPTY_BODY = YES;
				CLANG_WARN_ENUM_CONVERSION = YES;
				CLANG_WARN_INT_CONVERSION = YES;
				CLANG_WARN_OBJC_ROOT_CLASS = YES_ERROR;
				CLANG_WARN_UNREACHABLE_CODE = YES;
				CLANG_WARN__DUPLICATE_METHOD_MATCH = YES;
				"CODE_SIGN_IDENTITY[sdk=iphoneos*]" = "iPhone Developer";
				COPY_PHASE_STRIP = NO;
				DEBUG_INFORMATION_FORMAT = "dwarf-with-dsym";
				ENABLE_NS_ASSERTIONS = NO;
				ENABLE_STRICT_OBJC_MSGSEND = YES;
				GCC_C_LANGUAGE_STANDARD = gnu99;
				GCC_NO_COMMON_BLOCKS = YES;
				GCC_WARN_64_TO_32_BIT_CONVERSION = YES;
				GCC_WARN_ABOUT_RETURN_TYPE = YES_ERROR;
				GCC_WARN_UNDECLARED_SELECTOR = YES;
				GCC_WARN_UNINITIALIZED_AUTOS = YES_AGGRESSIVE;
				GCC_WARN_UNUSED_FUNCTION = YES;
				GCC_WARN_UNUSED_VARIABLE = YES;
				IPHONEOS_DEPLOYMENT_TARGET = 8.4;
				MTL_ENABLE_DEBUG_INFO = NO;
				SDKROOT = iphoneos;
				VALIDATE_PRODUCT = YES;
			};
			name = Release;
		};
		94E7DE521B789D5600A6FCC0 /* Debug */ = {
			isa = XCBuildConfiguration;
			buildSettings = {
				ASSETCATALOG_COMPILER_APPICON_NAME = AppIcon;
				INFOPLIST_FILE = AppSettings/Info.plist;
				LD_RUNPATH_SEARCH_PATHS = "$(inherited) @executable_path/Frameworks";
				PRODUCT_NAME = "$(TARGET_NAME)";
			};
			name = Debug;
		};
		94E7DE531B789D5600A6FCC0 /* Release */ = {
			isa = XCBuildConfiguration;
			buildSettings = {
				ASSETCATALOG_COMPILER_APPICON_NAME = AppIcon;
				INFOPLIST_FILE = AppSettings/Info.plist;
				LD_RUNPATH_SEARCH_PATHS = "$(inherited) @executable_path/Frameworks";
				PRODUCT_NAME = "$(TARGET_NAME)";
			};
			name = Release;
		};
		94E7DE551B789D5600A6FCC0 /* Debug */ = {
			isa = XCBuildConfiguration;
			buildSettings = {
				BUNDLE_LOADER = "$(TEST_HOST)";
				FRAMEWORK_SEARCH_PATHS = (
					"$(SDKROOT)/Developer/Library/Frameworks",
					"$(inherited)",
				);
				GCC_PREPROCESSOR_DEFINITIONS = (
					"DEBUG=1",
					"$(inherited)",
				);
				INFOPLIST_FILE = AppSettingsTests/Info.plist;
				LD_RUNPATH_SEARCH_PATHS = "$(inherited) @executable_path/Frameworks @loader_path/Frameworks";
				PRODUCT_NAME = "$(TARGET_NAME)";
				TEST_HOST = "$(BUILT_PRODUCTS_DIR)/AppSettings.app/AppSettings";
			};
			name = Debug;
		};
		94E7DE561B789D5600A6FCC0 /* Release */ = {
			isa = XCBuildConfiguration;
			buildSettings = {
				BUNDLE_LOADER = "$(TEST_HOST)";
				FRAMEWORK_SEARCH_PATHS = (
					"$(SDKROOT)/Developer/Library/Frameworks",
					"$(inherited)",
				);
				INFOPLIST_FILE = AppSettingsTests/Info.plist;
				LD_RUNPATH_SEARCH_PATHS = "$(inherited) @executable_path/Frameworks @loader_path/Frameworks";
				PRODUCT_NAME = "$(TARGET_NAME)";
				TEST_HOST = "$(BUILT_PRODUCTS_DIR)/AppSettings.app/AppSettings";
			};
			name = Release;
		};
		94E7DE761B789D7300A6FCC0 /* Debug */ = {
			isa = XCBuildConfiguration;
			buildSettings = {
				CURRENT_PROJECT_VERSION = 1;
				DEFINES_MODULE = YES;
				DYLIB_COMPATIBILITY_VERSION = 1;
				DYLIB_CURRENT_VERSION = 1;
				DYLIB_INSTALL_NAME_BASE = "@rpath";
				GCC_PREPROCESSOR_DEFINITIONS = (
					"DEBUG=1",
					"$(inherited)",
				);
				INFOPLIST_FILE = PlugableApp/Info.plist;
				INSTALL_PATH = "$(LOCAL_LIBRARY_DIR)/Frameworks";
				LD_RUNPATH_SEARCH_PATHS = "$(inherited) @executable_path/Frameworks @loader_path/Frameworks";
				PRODUCT_NAME = "$(TARGET_NAME)";
				SKIP_INSTALL = YES;
				TARGETED_DEVICE_FAMILY = "1,2";
				VERSIONING_SYSTEM = "apple-generic";
				VERSION_INFO_PREFIX = "";
			};
			name = Debug;
		};
		94E7DE771B789D7300A6FCC0 /* Release */ = {
			isa = XCBuildConfiguration;
			buildSettings = {
				CURRENT_PROJECT_VERSION = 1;
				DEFINES_MODULE = YES;
				DYLIB_COMPATIBILITY_VERSION = 1;
				DYLIB_CURRENT_VERSION = 1;
				DYLIB_INSTALL_NAME_BASE = "@rpath";
				INFOPLIST_FILE = PlugableApp/Info.plist;
				INSTALL_PATH = "$(LOCAL_LIBRARY_DIR)/Frameworks";
				LD_RUNPATH_SEARCH_PATHS = "$(inherited) @executable_path/Frameworks @loader_path/Frameworks";
				PRODUCT_NAME = "$(TARGET_NAME)";
				SKIP_INSTALL = YES;
				TARGETED_DEVICE_FAMILY = "1,2";
				VERSIONING_SYSTEM = "apple-generic";
				VERSION_INFO_PREFIX = "";
			};
			name = Release;
		};
		94E7DE7A1B789D7300A6FCC0 /* Debug */ = {
			isa = XCBuildConfiguration;
			buildSettings = {
				FRAMEWORK_SEARCH_PATHS = (
					"$(SDKROOT)/Developer/Library/Frameworks",
					"$(inherited)",
				);
				GCC_PREPROCESSOR_DEFINITIONS = (
					"DEBUG=1",
					"$(inherited)",
				);
				INFOPLIST_FILE = PlugableAppTests/Info.plist;
				LD_RUNPATH_SEARCH_PATHS = "$(inherited) @executable_path/Frameworks @loader_path/Frameworks";
				PRODUCT_NAME = "$(TARGET_NAME)";
				TEST_HOST = "$(BUILT_PRODUCTS_DIR)/AppSettings.app/AppSettings";
			};
			name = Debug;
		};
		94E7DE7B1B789D7300A6FCC0 /* Release */ = {
			isa = XCBuildConfiguration;
			buildSettings = {
				FRAMEWORK_SEARCH_PATHS = (
					"$(SDKROOT)/Developer/Library/Frameworks",
					"$(inherited)",
				);
				INFOPLIST_FILE = PlugableAppTests/Info.plist;
				LD_RUNPATH_SEARCH_PATHS = "$(inherited) @executable_path/Frameworks @loader_path/Frameworks";
				PRODUCT_NAME = "$(TARGET_NAME)";
				TEST_HOST = "$(BUILT_PRODUCTS_DIR)/AppSettings.app/AppSettings";
			};
			name = Release;
		};
/* End XCBuildConfiguration section */

/* Begin XCConfigurationList section */
		94AC08C91B9FD2B8006BE1B9 /* Build configuration list for PBXNativeTarget "SAWebApp" */ = {
			isa = XCConfigurationList;
			buildConfigurations = (
				94AC08C51B9FD2B8006BE1B9 /* Debug */,
				94AC08C61B9FD2B8006BE1B9 /* Release */,
			);
			defaultConfigurationIsVisible = 0;
			defaultConfigurationName = Release;
		};
		94AC08CA1B9FD2B8006BE1B9 /* Build configuration list for PBXNativeTarget "SAWebAppTests" */ = {
			isa = XCConfigurationList;
			buildConfigurations = (
				94AC08C71B9FD2B8006BE1B9 /* Debug */,
				94AC08C81B9FD2B8006BE1B9 /* Release */,
			);
			defaultConfigurationIsVisible = 0;
			defaultConfigurationName = Release;
		};
		94AC08FA1BA01A9A006BE1B9 /* Build configuration list for PBXNativeTarget "SAWebAppDemo" */ = {
			isa = XCConfigurationList;
			buildConfigurations = (
				94AC08FB1BA01A9A006BE1B9 /* Debug */,
				94AC08FC1BA01A9A006BE1B9 /* Release */,
			);
			defaultConfigurationIsVisible = 0;
			defaultConfigurationName = Release;
		};
		94AC08FD1BA01A9A006BE1B9 /* Build configuration list for PBXNativeTarget "SAWebAppDemoTests" */ = {
			isa = XCConfigurationList;
			buildConfigurations = (
				94AC08FE1BA01A9A006BE1B9 /* Debug */,
				94AC08FF1BA01A9A006BE1B9 /* Release */,
			);
			defaultConfigurationIsVisible = 0;
			defaultConfigurationName = Release;
		};
		94E7DE261B789D5600A6FCC0 /* Build configuration list for PBXProject "AppSettings" */ = {
			isa = XCConfigurationList;
			buildConfigurations = (
				94E7DE4F1B789D5600A6FCC0 /* Debug */,
				94E7DE501B789D5600A6FCC0 /* Release */,
			);
			defaultConfigurationIsVisible = 0;
			defaultConfigurationName = Release;
		};
		94E7DE511B789D5600A6FCC0 /* Build configuration list for PBXNativeTarget "AppSettings" */ = {
			isa = XCConfigurationList;
			buildConfigurations = (
				94E7DE521B789D5600A6FCC0 /* Debug */,
				94E7DE531B789D5600A6FCC0 /* Release */,
			);
			defaultConfigurationIsVisible = 0;
			defaultConfigurationName = Release;
		};
		94E7DE541B789D5600A6FCC0 /* Build configuration list for PBXNativeTarget "AppSettingsTests" */ = {
			isa = XCConfigurationList;
			buildConfigurations = (
				94E7DE551B789D5600A6FCC0 /* Debug */,
				94E7DE561B789D5600A6FCC0 /* Release */,
			);
			defaultConfigurationIsVisible = 0;
			defaultConfigurationName = Release;
		};
		94E7DE751B789D7300A6FCC0 /* Build configuration list for PBXNativeTarget "PlugableApp" */ = {
			isa = XCConfigurationList;
			buildConfigurations = (
				94E7DE761B789D7300A6FCC0 /* Debug */,
				94E7DE771B789D7300A6FCC0 /* Release */,
			);
			defaultConfigurationIsVisible = 0;
			defaultConfigurationName = Release;
		};
		94E7DE791B789D7300A6FCC0 /* Build configuration list for PBXNativeTarget "PlugableAppTests" */ = {
			isa = XCConfigurationList;
			buildConfigurations = (
				94E7DE7A1B789D7300A6FCC0 /* Debug */,
				94E7DE7B1B789D7300A6FCC0 /* Release */,
			);
			defaultConfigurationIsVisible = 0;
			defaultConfigurationName = Release;
		};
/* End XCConfigurationList section */
	};
	rootObject = 94E7DE231B789D5600A6FCC0 /* Project object */;
}
